// !$*UTF8*$!
{
	archiveVersion = 1;
	classes = {
	};
	objectVersion = 60;
	objects = {

/* Begin PBXBuildFile section */
		B404BCB72C23C4F3004F0B1A /* AsyncLetBootcamp.swift in Sources */ = {isa = PBXBuildFile; fileRef = B404BCB62C23C4F3004F0B1A /* AsyncLetBootcamp.swift */; };
		B409CF2A2C226FC4006E27EE /* TaskBootcamp.swift in Sources */ = {isa = PBXBuildFile; fileRef = B409CF292C226FC4006E27EE /* TaskBootcamp.swift */; };
		B41826202C21183F004CEE37 /* DownloadImageAsync.swift in Sources */ = {isa = PBXBuildFile; fileRef = B418261F2C21183F004CEE37 /* DownloadImageAsync.swift */; };
		B41826222C216987004CEE37 /* AsyncAwaitBootcamp.swift in Sources */ = {isa = PBXBuildFile; fileRef = B41826212C216987004CEE37 /* AsyncAwaitBootcamp.swift */; };
		B42F44972C2BF70000F37379 /* ActorBootcamp.swift in Sources */ = {isa = PBXBuildFile; fileRef = B42F44962C2BF70000F37379 /* ActorBootcamp.swift */; };
		B43FC1612C2650350009E33F /* CheckContinuationBootcamp.swift in Sources */ = {isa = PBXBuildFile; fileRef = B43FC1602C2650350009E33F /* CheckContinuationBootcamp.swift */; };
		B43FC1632C2913ED0009E33F /* StructClassActorBootcamp.swift in Sources */ = {isa = PBXBuildFile; fileRef = B43FC1622C2913ED0009E33F /* StructClassActorBootcamp.swift */; };
		B4A2EFF12C338F5C005BF87A /* AsyncPublisherBootcamp.swift in Sources */ = {isa = PBXBuildFile; fileRef = B4A2EFF02C338F5C005BF87A /* AsyncPublisherBootcamp.swift */; };
		B4A399112C2E557D006DC774 /* GlobalActorBootcamp.swift in Sources */ = {isa = PBXBuildFile; fileRef = B4A399102C2E557D006DC774 /* GlobalActorBootcamp.swift */; };
		B4A399132C2E7519006DC774 /* SendableBootcamp.swift in Sources */ = {isa = PBXBuildFile; fileRef = B4A399122C2E7519006DC774 /* SendableBootcamp.swift */; };
		B4C5C5232C203AEF00D4E68F /* SwiftfConcurrencyBootcampApp.swift in Sources */ = {isa = PBXBuildFile; fileRef = B4C5C5222C203AEF00D4E68F /* SwiftfConcurrencyBootcampApp.swift */; };
		B4C5C5252C203AEF00D4E68F /* ContentView.swift in Sources */ = {isa = PBXBuildFile; fileRef = B4C5C5242C203AEF00D4E68F /* ContentView.swift */; };
		B4C5C5272C203AF100D4E68F /* Assets.xcassets in Resources */ = {isa = PBXBuildFile; fileRef = B4C5C5262C203AF100D4E68F /* Assets.xcassets */; };
		B4C5C52A2C203AF100D4E68F /* Preview Assets.xcassets in Resources */ = {isa = PBXBuildFile; fileRef = B4C5C5292C203AF100D4E68F /* Preview Assets.xcassets */; };
		B4C5C5312C203B7300D4E68F /* DoCatchTryThrowsBootcamp.swift in Sources */ = {isa = PBXBuildFile; fileRef = B4C5C5302C203B7300D4E68F /* DoCatchTryThrowsBootcamp.swift */; };
		B4DD50F22C250D4800BF5198 /* TaskGroupBootcamp.swift in Sources */ = {isa = PBXBuildFile; fileRef = B4DD50F12C250D4800BF5198 /* TaskGroupBootcamp.swift */; };
/* End PBXBuildFile section */

/* Begin PBXFileReference section */
		B404BCB62C23C4F3004F0B1A /* AsyncLetBootcamp.swift */ = {isa = PBXFileReference; lastKnownFileType = sourcecode.swift; path = AsyncLetBootcamp.swift; sourceTree = "<group>"; };
		B409CF292C226FC4006E27EE /* TaskBootcamp.swift */ = {isa = PBXFileReference; lastKnownFileType = sourcecode.swift; path = TaskBootcamp.swift; sourceTree = "<group>"; };
		B418261F2C21183F004CEE37 /* DownloadImageAsync.swift */ = {isa = PBXFileReference; lastKnownFileType = sourcecode.swift; path = DownloadImageAsync.swift; sourceTree = "<group>"; };
		B41826212C216987004CEE37 /* AsyncAwaitBootcamp.swift */ = {isa = PBXFileReference; lastKnownFileType = sourcecode.swift; path = AsyncAwaitBootcamp.swift; sourceTree = "<group>"; };
		B42F44962C2BF70000F37379 /* ActorBootcamp.swift */ = {isa = PBXFileReference; lastKnownFileType = sourcecode.swift; path = ActorBootcamp.swift; sourceTree = "<group>"; };
		B43FC1602C2650350009E33F /* CheckContinuationBootcamp.swift */ = {isa = PBXFileReference; lastKnownFileType = sourcecode.swift; path = CheckContinuationBootcamp.swift; sourceTree = "<group>"; };
		B43FC1622C2913ED0009E33F /* StructClassActorBootcamp.swift */ = {isa = PBXFileReference; lastKnownFileType = sourcecode.swift; path = StructClassActorBootcamp.swift; sourceTree = "<group>"; };
		B4A2EFF02C338F5C005BF87A /* AsyncPublisherBootcamp.swift */ = {isa = PBXFileReference; lastKnownFileType = sourcecode.swift; path = AsyncPublisherBootcamp.swift; sourceTree = "<group>"; };
		B4A399102C2E557D006DC774 /* GlobalActorBootcamp.swift */ = {isa = PBXFileReference; lastKnownFileType = sourcecode.swift; path = GlobalActorBootcamp.swift; sourceTree = "<group>"; };
		B4A399122C2E7519006DC774 /* SendableBootcamp.swift */ = {isa = PBXFileReference; lastKnownFileType = sourcecode.swift; path = SendableBootcamp.swift; sourceTree = "<group>"; };
		B4C5C51F2C203AEF00D4E68F /* SwiftfConcurrencyBootcamp.app */ = {isa = PBXFileReference; explicitFileType = wrapper.application; includeInIndex = 0; path = SwiftfConcurrencyBootcamp.app; sourceTree = BUILT_PRODUCTS_DIR; };
		B4C5C5222C203AEF00D4E68F /* SwiftfConcurrencyBootcampApp.swift */ = {isa = PBXFileReference; lastKnownFileType = sourcecode.swift; path = SwiftfConcurrencyBootcampApp.swift; sourceTree = "<group>"; };
		B4C5C5242C203AEF00D4E68F /* ContentView.swift */ = {isa = PBXFileReference; lastKnownFileType = sourcecode.swift; path = ContentView.swift; sourceTree = "<group>"; };
		B4C5C5262C203AF100D4E68F /* Assets.xcassets */ = {isa = PBXFileReference; lastKnownFileType = folder.assetcatalog; path = Assets.xcassets; sourceTree = "<group>"; };
		B4C5C5292C203AF100D4E68F /* Preview Assets.xcassets */ = {isa = PBXFileReference; lastKnownFileType = folder.assetcatalog; path = "Preview Assets.xcassets"; sourceTree = "<group>"; };
		B4C5C5302C203B7300D4E68F /* DoCatchTryThrowsBootcamp.swift */ = {isa = PBXFileReference; lastKnownFileType = sourcecode.swift; path = DoCatchTryThrowsBootcamp.swift; sourceTree = "<group>"; };
		B4DD50F12C250D4800BF5198 /* TaskGroupBootcamp.swift */ = {isa = PBXFileReference; lastKnownFileType = sourcecode.swift; path = TaskGroupBootcamp.swift; sourceTree = "<group>"; };
/* End PBXFileReference section */

/* Begin PBXFrameworksBuildPhase section */
		B4C5C51C2C203AEF00D4E68F /* Frameworks */ = {
			isa = PBXFrameworksBuildPhase;
			buildActionMask = 2147483647;
			files = (
			);
			runOnlyForDeploymentPostprocessing = 0;
		};
/* End PBXFrameworksBuildPhase section */

/* Begin PBXGroup section */
		B4C5C5162C203AEF00D4E68F = {
			isa = PBXGroup;
			children = (
				B4C5C5212C203AEF00D4E68F /* SwiftfConcurrencyBootcamp */,
				B4C5C5202C203AEF00D4E68F /* Products */,
			);
			sourceTree = "<group>";
		};
		B4C5C5202C203AEF00D4E68F /* Products */ = {
			isa = PBXGroup;
			children = (
				B4C5C51F2C203AEF00D4E68F /* SwiftfConcurrencyBootcamp.app */,
			);
			name = Products;
			sourceTree = "<group>";
		};
		B4C5C5212C203AEF00D4E68F /* SwiftfConcurrencyBootcamp */ = {
			isa = PBXGroup;
			children = (
				B4C5C5222C203AEF00D4E68F /* SwiftfConcurrencyBootcampApp.swift */,
				B4C5C5242C203AEF00D4E68F /* ContentView.swift */,
				B4C5C5302C203B7300D4E68F /* DoCatchTryThrowsBootcamp.swift */,
				B418261F2C21183F004CEE37 /* DownloadImageAsync.swift */,
				B41826212C216987004CEE37 /* AsyncAwaitBootcamp.swift */,
				B409CF292C226FC4006E27EE /* TaskBootcamp.swift */,
				B404BCB62C23C4F3004F0B1A /* AsyncLetBootcamp.swift */,
				B4DD50F12C250D4800BF5198 /* TaskGroupBootcamp.swift */,
				B43FC1602C2650350009E33F /* CheckContinuationBootcamp.swift */,
				B43FC1622C2913ED0009E33F /* StructClassActorBootcamp.swift */,
				B42F44962C2BF70000F37379 /* ActorBootcamp.swift */,
				B4A399102C2E557D006DC774 /* GlobalActorBootcamp.swift */,
				B4A399122C2E7519006DC774 /* SendableBootcamp.swift */,
				B4A2EFF02C338F5C005BF87A /* AsyncPublisherBootcamp.swift */,
				B4C5C5262C203AF100D4E68F /* Assets.xcassets */,
				B4C5C5282C203AF100D4E68F /* Preview Content */,
			);
			path = SwiftfConcurrencyBootcamp;
			sourceTree = "<group>";
		};
		B4C5C5282C203AF100D4E68F /* Preview Content */ = {
			isa = PBXGroup;
			children = (
				B4C5C5292C203AF100D4E68F /* Preview Assets.xcassets */,
			);
			path = "Preview Content";
			sourceTree = "<group>";
		};
/* End PBXGroup section */

/* Begin PBXNativeTarget section */
		B4C5C51E2C203AEF00D4E68F /* SwiftfConcurrencyBootcamp */ = {
			isa = PBXNativeTarget;
			buildConfigurationList = B4C5C52D2C203AF100D4E68F /* Build configuration list for PBXNativeTarget "SwiftfConcurrencyBootcamp" */;
			buildPhases = (
				B4C5C51B2C203AEF00D4E68F /* Sources */,
				B4C5C51C2C203AEF00D4E68F /* Frameworks */,
				B4C5C51D2C203AEF00D4E68F /* Resources */,
			);
			buildRules = (
			);
			dependencies = (
			);
			name = SwiftfConcurrencyBootcamp;
			productName = SwiftfConcurrencyBootcamp;
			productReference = B4C5C51F2C203AEF00D4E68F /* SwiftfConcurrencyBootcamp.app */;
			productType = "com.apple.product-type.application";
		};
/* End PBXNativeTarget section */

/* Begin PBXProject section */
		B4C5C5172C203AEF00D4E68F /* Project object */ = {
			isa = PBXProject;
			attributes = {
				BuildIndependentTargetsInParallel = 1;
				LastSwiftUpdateCheck = 1600;
				LastUpgradeCheck = 1600;
				TargetAttributes = {
					B4C5C51E2C203AEF00D4E68F = {
						CreatedOnToolsVersion = 16.0;
					};
				};
			};
			buildConfigurationList = B4C5C51A2C203AEF00D4E68F /* Build configuration list for PBXProject "SwiftfConcurrencyBootcamp" */;
			compatibilityVersion = "Xcode 15.0";
			developmentRegion = en;
			hasScannedForEncodings = 0;
			knownRegions = (
				en,
				Base,
			);
			mainGroup = B4C5C5162C203AEF00D4E68F;
			productRefGroup = B4C5C5202C203AEF00D4E68F /* Products */;
			projectDirPath = "";
			projectRoot = "";
			targets = (
				B4C5C51E2C203AEF00D4E68F /* SwiftfConcurrencyBootcamp */,
			);
		};
/* End PBXProject section */

/* Begin PBXResourcesBuildPhase section */
		B4C5C51D2C203AEF00D4E68F /* Resources */ = {
			isa = PBXResourcesBuildPhase;
			buildActionMask = 2147483647;
			files = (
				B4C5C52A2C203AF100D4E68F /* Preview Assets.xcassets in Resources */,
				B4C5C5272C203AF100D4E68F /* Assets.xcassets in Resources */,
			);
			runOnlyForDeploymentPostprocessing = 0;
		};
/* End PBXResourcesBuildPhase section */

/* Begin PBXSourcesBuildPhase section */
		B4C5C51B2C203AEF00D4E68F /* Sources */ = {
			isa = PBXSourcesBuildPhase;
			buildActionMask = 2147483647;
			files = (
				B42F44972C2BF70000F37379 /* ActorBootcamp.swift in Sources */,
				B41826202C21183F004CEE37 /* DownloadImageAsync.swift in Sources */,
				B4C5C5312C203B7300D4E68F /* DoCatchTryThrowsBootcamp.swift in Sources */,
				B4A399132C2E7519006DC774 /* SendableBootcamp.swift in Sources */,
				B4C5C5252C203AEF00D4E68F /* ContentView.swift in Sources */,
				B409CF2A2C226FC4006E27EE /* TaskBootcamp.swift in Sources */,
				B43FC1632C2913ED0009E33F /* StructClassActorBootcamp.swift in Sources */,
				B41826222C216987004CEE37 /* AsyncAwaitBootcamp.swift in Sources */,
				B4A399112C2E557D006DC774 /* GlobalActorBootcamp.swift in Sources */,
				B4C5C5232C203AEF00D4E68F /* SwiftfConcurrencyBootcampApp.swift in Sources */,
				B4A2EFF12C338F5C005BF87A /* AsyncPublisherBootcamp.swift in Sources */,
				B404BCB72C23C4F3004F0B1A /* AsyncLetBootcamp.swift in Sources */,
				B43FC1612C2650350009E33F /* CheckContinuationBootcamp.swift in Sources */,
				B4DD50F22C250D4800BF5198 /* TaskGroupBootcamp.swift in Sources */,
			);
			runOnlyForDeploymentPostprocessing = 0;
		};
/* End PBXSourcesBuildPhase section */

/* Begin XCBuildConfiguration section */
		B4C5C52B2C203AF100D4E68F /* Debug */ = {
			isa = XCBuildConfiguration;
			buildSettings = {
				ALWAYS_SEARCH_USER_PATHS = NO;
				ASSETCATALOG_COMPILER_GENERATE_SWIFT_ASSET_SYMBOL_EXTENSIONS = YES;
				CLANG_ANALYZER_NONNULL = YES;
				CLANG_ANALYZER_NUMBER_OBJECT_CONVERSION = YES_AGGRESSIVE;
				CLANG_CXX_LANGUAGE_STANDARD = "gnu++20";
				CLANG_ENABLE_MODULES = YES;
				CLANG_ENABLE_OBJC_ARC = YES;
				CLANG_ENABLE_OBJC_WEAK = YES;
				CLANG_WARN_BLOCK_CAPTURE_AUTORELEASING = YES;
				CLANG_WARN_BOOL_CONVERSION = YES;
				CLANG_WARN_COMMA = YES;
				CLANG_WARN_CONSTANT_CONVERSION = YES;
				CLANG_WARN_DEPRECATED_OBJC_IMPLEMENTATIONS = YES;
				CLANG_WARN_DIRECT_OBJC_ISA_USAGE = YES_ERROR;
				CLANG_WARN_DOCUMENTATION_COMMENTS = YES;
				CLANG_WARN_EMPTY_BODY = YES;
				CLANG_WARN_ENUM_CONVERSION = YES;
				CLANG_WARN_INFINITE_RECURSION = YES;
				CLANG_WARN_INT_CONVERSION = YES;
				CLANG_WARN_NON_LITERAL_NULL_CONVERSION = YES;
				CLANG_WARN_OBJC_IMPLICIT_RETAIN_SELF = YES;
				CLANG_WARN_OBJC_LITERAL_CONVERSION = YES;
				CLANG_WARN_OBJC_ROOT_CLASS = YES_ERROR;
				CLANG_WARN_QUOTED_INCLUDE_IN_FRAMEWORK_HEADER = YES;
				CLANG_WARN_RANGE_LOOP_ANALYSIS = YES;
				CLANG_WARN_STRICT_PROTOTYPES = YES;
				CLANG_WARN_SUSPICIOUS_MOVE = YES;
				CLANG_WARN_UNGUARDED_AVAILABILITY = YES_AGGRESSIVE;
				CLANG_WARN_UNREACHABLE_CODE = YES;
				CLANG_WARN__DUPLICATE_METHOD_MATCH = YES;
				COPY_PHASE_STRIP = NO;
				DEBUG_INFORMATION_FORMAT = dwarf;
				ENABLE_STRICT_OBJC_MSGSEND = YES;
				ENABLE_TESTABILITY = YES;
				ENABLE_USER_SCRIPT_SANDBOXING = YES;
				GCC_C_LANGUAGE_STANDARD = gnu17;
				GCC_DYNAMIC_NO_PIC = NO;
				GCC_NO_COMMON_BLOCKS = YES;
				GCC_OPTIMIZATION_LEVEL = 0;
				GCC_PREPROCESSOR_DEFINITIONS = (
					"DEBUG=1",
					"$(inherited)",
				);
				GCC_WARN_64_TO_32_BIT_CONVERSION = YES;
				GCC_WARN_ABOUT_RETURN_TYPE = YES_ERROR;
				GCC_WARN_UNDECLARED_SELECTOR = YES;
				GCC_WARN_UNINITIALIZED_AUTOS = YES_AGGRESSIVE;
				GCC_WARN_UNUSED_FUNCTION = YES;
				GCC_WARN_UNUSED_VARIABLE = YES;
				IPHONEOS_DEPLOYMENT_TARGET = 18.0;
				LOCALIZATION_PREFERS_STRING_CATALOGS = YES;
				MTL_ENABLE_DEBUG_INFO = INCLUDE_SOURCE;
				MTL_FAST_MATH = YES;
				ONLY_ACTIVE_ARCH = YES;
				SDKROOT = iphoneos;
				SWIFT_ACTIVE_COMPILATION_CONDITIONS = "DEBUG $(inherited)";
				SWIFT_OPTIMIZATION_LEVEL = "-Onone";
			};
			name = Debug;
		};
		B4C5C52C2C203AF100D4E68F /* Release */ = {
			isa = XCBuildConfiguration;
			buildSettings = {
				ALWAYS_SEARCH_USER_PATHS = NO;
				ASSETCATALOG_COMPILER_GENERATE_SWIFT_ASSET_SYMBOL_EXTENSIONS = YES;
				CLANG_ANALYZER_NONNULL = YES;
				CLANG_ANALYZER_NUMBER_OBJECT_CONVERSION = YES_AGGRESSIVE;
				CLANG_CXX_LANGUAGE_STANDARD = "gnu++20";
				CLANG_ENABLE_MODULES = YES;
				CLANG_ENABLE_OBJC_ARC = YES;
				CLANG_ENABLE_OBJC_WEAK = YES;
				CLANG_WARN_BLOCK_CAPTURE_AUTORELEASING = YES;
				CLANG_WARN_BOOL_CONVERSION = YES;
				CLANG_WARN_COMMA = YES;
				CLANG_WARN_CONSTANT_CONVERSION = YES;
				CLANG_WARN_DEPRECATED_OBJC_IMPLEMENTATIONS = YES;
				CLANG_WARN_DIRECT_OBJC_ISA_USAGE = YES_ERROR;
				CLANG_WARN_DOCUMENTATION_COMMENTS = YES;
				CLANG_WARN_EMPTY_BODY = YES;
				CLANG_WARN_ENUM_CONVERSION = YES;
				CLANG_WARN_INFINITE_RECURSION = YES;
				CLANG_WARN_INT_CONVERSION = YES;
				CLANG_WARN_NON_LITERAL_NULL_CONVERSION = YES;
				CLANG_WARN_OBJC_IMPLICIT_RETAIN_SELF = YES;
				CLANG_WARN_OBJC_LITERAL_CONVERSION = YES;
				CLANG_WARN_OBJC_ROOT_CLASS = YES_ERROR;
				CLANG_WARN_QUOTED_INCLUDE_IN_FRAMEWORK_HEADER = YES;
				CLANG_WARN_RANGE_LOOP_ANALYSIS = YES;
				CLANG_WARN_STRICT_PROTOTYPES = YES;
				CLANG_WARN_SUSPICIOUS_MOVE = YES;
				CLANG_WARN_UNGUARDED_AVAILABILITY = YES_AGGRESSIVE;
				CLANG_WARN_UNREACHABLE_CODE = YES;
				CLANG_WARN__DUPLICATE_METHOD_MATCH = YES;
				COPY_PHASE_STRIP = NO;
				DEBUG_INFORMATION_FORMAT = "dwarf-with-dsym";
				ENABLE_NS_ASSERTIONS = NO;
				ENABLE_STRICT_OBJC_MSGSEND = YES;
				ENABLE_USER_SCRIPT_SANDBOXING = YES;
				GCC_C_LANGUAGE_STANDARD = gnu17;
				GCC_NO_COMMON_BLOCKS = YES;
				GCC_WARN_64_TO_32_BIT_CONVERSION = YES;
				GCC_WARN_ABOUT_RETURN_TYPE = YES_ERROR;
				GCC_WARN_UNDECLARED_SELECTOR = YES;
				GCC_WARN_UNINITIALIZED_AUTOS = YES_AGGRESSIVE;
				GCC_WARN_UNUSED_FUNCTION = YES;
				GCC_WARN_UNUSED_VARIABLE = YES;
				IPHONEOS_DEPLOYMENT_TARGET = 18.0;
				LOCALIZATION_PREFERS_STRING_CATALOGS = YES;
				MTL_ENABLE_DEBUG_INFO = NO;
				MTL_FAST_MATH = YES;
				SDKROOT = iphoneos;
				SWIFT_COMPILATION_MODE = wholemodule;
				VALIDATE_PRODUCT = YES;
			};
			name = Release;
		};
		B4C5C52E2C203AF100D4E68F /* Debug */ = {
			isa = XCBuildConfiguration;
			buildSettings = {
				ASSETCATALOG_COMPILER_APPICON_NAME = AppIcon;
				ASSETCATALOG_COMPILER_GLOBAL_ACCENT_COLOR_NAME = AccentColor;
				CODE_SIGN_STYLE = Automatic;
				CURRENT_PROJECT_VERSION = 1;
				DEVELOPMENT_ASSET_PATHS = "\"SwiftfConcurrencyBootcamp/Preview Content\"";
				DEVELOPMENT_TEAM = QFN5YW7YAB;
				ENABLE_PREVIEWS = YES;
				GENERATE_INFOPLIST_FILE = YES;
				INFOPLIST_KEY_UIApplicationSceneManifest_Generation = YES;
				INFOPLIST_KEY_UIApplicationSupportsIndirectInputEvents = YES;
				INFOPLIST_KEY_UILaunchScreen_Generation = YES;
				INFOPLIST_KEY_UISupportedInterfaceOrientations_iPad = "UIInterfaceOrientationPortrait UIInterfaceOrientationPortraitUpsideDown UIInterfaceOrientationLandscapeLeft UIInterfaceOrientationLandscapeRight";
				INFOPLIST_KEY_UISupportedInterfaceOrientations_iPhone = "UIInterfaceOrientationPortrait UIInterfaceOrientationLandscapeLeft UIInterfaceOrientationLandscapeRight";
				LD_RUNPATH_SEARCH_PATHS = (
					"$(inherited)",
					"@executable_path/Frameworks",
				);
				MARKETING_VERSION = 1.0;
				PRODUCT_BUNDLE_IDENTIFIER = com.suppasit..SwiftfConcurrencyBootcamp;
				PRODUCT_NAME = "$(TARGET_NAME)";
				SWIFT_EMIT_LOC_STRINGS = YES;
				SWIFT_VERSION = 5.0;
				TARGETED_DEVICE_FAMILY = "1,2";
			};
			name = Debug;
		};
		B4C5C52F2C203AF100D4E68F /* Release */ = {
			isa = XCBuildConfiguration;
			buildSettings = {
				ASSETCATALOG_COMPILER_APPICON_NAME = AppIcon;
				ASSETCATALOG_COMPILER_GLOBAL_ACCENT_COLOR_NAME = AccentColor;
				CODE_SIGN_STYLE = Automatic;
				CURRENT_PROJECT_VERSION = 1;
				DEVELOPMENT_ASSET_PATHS = "\"SwiftfConcurrencyBootcamp/Preview Content\"";
				DEVELOPMENT_TEAM = QFN5YW7YAB;
				ENABLE_PREVIEWS = YES;
				GENERATE_INFOPLIST_FILE = YES;
				INFOPLIST_KEY_UIApplicationSceneManifest_Generation = YES;
				INFOPLIST_KEY_UIApplicationSupportsIndirectInputEvents = YES;
				INFOPLIST_KEY_UILaunchScreen_Generation = YES;
				INFOPLIST_KEY_UISupportedInterfaceOrientations_iPad = "UIInterfaceOrientationPortrait UIInterfaceOrientationPortraitUpsideDown UIInterfaceOrientationLandscapeLeft UIInterfaceOrientationLandscapeRight";
				INFOPLIST_KEY_UISupportedInterfaceOrientations_iPhone = "UIInterfaceOrientationPortrait UIInterfaceOrientationLandscapeLeft UIInterfaceOrientationLandscapeRight";
				LD_RUNPATH_SEARCH_PATHS = (
					"$(inherited)",
					"@executable_path/Frameworks",
				);
				MARKETING_VERSION = 1.0;
				PRODUCT_BUNDLE_IDENTIFIER = com.suppasit..SwiftfConcurrencyBootcamp;
				PRODUCT_NAME = "$(TARGET_NAME)";
				SWIFT_EMIT_LOC_STRINGS = YES;
				SWIFT_VERSION = 5.0;
				TARGETED_DEVICE_FAMILY = "1,2";
			};
			name = Release;
		};
/* End XCBuildConfiguration section */

/* Begin XCConfigurationList section */
		B4C5C51A2C203AEF00D4E68F /* Build configuration list for PBXProject "SwiftfConcurrencyBootcamp" */ = {
			isa = XCConfigurationList;
			buildConfigurations = (
				B4C5C52B2C203AF100D4E68F /* Debug */,
				B4C5C52C2C203AF100D4E68F /* Release */,
			);
			defaultConfigurationIsVisible = 0;
			defaultConfigurationName = Release;
		};
		B4C5C52D2C203AF100D4E68F /* Build configuration list for PBXNativeTarget "SwiftfConcurrencyBootcamp" */ = {
			isa = XCConfigurationList;
			buildConfigurations = (
				B4C5C52E2C203AF100D4E68F /* Debug */,
				B4C5C52F2C203AF100D4E68F /* Release */,
			);
			defaultConfigurationIsVisible = 0;
			defaultConfigurationName = Release;
		};
/* End XCConfigurationList section */
	};
	rootObject = B4C5C5172C203AEF00D4E68F /* Project object */;
}
